// !$*UTF8*$!
{
	archiveVersion = 1;
	classes = {
	};
	objectVersion = 56;
	objects = {

/* Begin PBXBuildFile section */
		F32EADA629A3371A00072E88 /* Speech_World_Controller_MainApp.swift in Sources */ = {isa = PBXBuildFile; fileRef = F32EADA529A3371A00072E88 /* Speech_World_Controller_MainApp.swift */; };
		F32EADAB29A3371A00072E88 /* Speech_World_Controller_Main.xcdatamodeld in Sources */ = {isa = PBXBuildFile; fileRef = F32EADA929A3371A00072E88 /* Speech_World_Controller_Main.xcdatamodeld */; };
		F32EADAD29A3371A00072E88 /* ContentView.swift in Sources */ = {isa = PBXBuildFile; fileRef = F32EADAC29A3371A00072E88 /* ContentView.swift */; };
		F32EADAF29A3371B00072E88 /* Assets.xcassets in Resources */ = {isa = PBXBuildFile; fileRef = F32EADAE29A3371B00072E88 /* Assets.xcassets */; };
		F32EADB329A3371B00072E88 /* Preview Assets.xcassets in Resources */ = {isa = PBXBuildFile; fileRef = F32EADB229A3371B00072E88 /* Preview Assets.xcassets */; };
		F32EADBD29A3371B00072E88 /* Speech_World_Controller_MainTests.swift in Sources */ = {isa = PBXBuildFile; fileRef = F32EADBC29A3371B00072E88 /* Speech_World_Controller_MainTests.swift */; };
		F32EADC729A3371B00072E88 /* Speech_World_Controller_MainUITests.swift in Sources */ = {isa = PBXBuildFile; fileRef = F32EADC629A3371B00072E88 /* Speech_World_Controller_MainUITests.swift */; };
		F32EADC929A3371B00072E88 /* Speech_World_Controller_MainUITestsLaunchTests.swift in Sources */ = {isa = PBXBuildFile; fileRef = F32EADC829A3371B00072E88 /* Speech_World_Controller_MainUITestsLaunchTests.swift */; };
		F32EADD929A33D6C00072E88 /* FirebaseAuth in Frameworks */ = {isa = PBXBuildFile; productRef = F32EADD829A33D6C00072E88 /* FirebaseAuth */; };
		F32EADDB29A33D6C00072E88 /* FirebaseAuthCombine-Community in Frameworks */ = {isa = PBXBuildFile; productRef = F32EADDA29A33D6C00072E88 /* FirebaseAuthCombine-Community */; };
		F32EADDD29A33D6C00072E88 /* FirebaseDatabase in Frameworks */ = {isa = PBXBuildFile; productRef = F32EADDC29A33D6C00072E88 /* FirebaseDatabase */; };
		F32EADDF29A33D6C00072E88 /* FirebaseDatabaseSwift in Frameworks */ = {isa = PBXBuildFile; productRef = F32EADDE29A33D6C00072E88 /* FirebaseDatabaseSwift */; };
		F32EADE129A33D6C00072E88 /* FirebaseFirestore in Frameworks */ = {isa = PBXBuildFile; productRef = F32EADE029A33D6C00072E88 /* FirebaseFirestore */; };
		F32EADE329A33D6C00072E88 /* FirebaseFirestoreCombine-Community in Frameworks */ = {isa = PBXBuildFile; productRef = F32EADE229A33D6C00072E88 /* FirebaseFirestoreCombine-Community */; };
		F32EADE529A33D6C00072E88 /* FirebaseFirestoreSwift in Frameworks */ = {isa = PBXBuildFile; productRef = F32EADE429A33D6C00072E88 /* FirebaseFirestoreSwift */; };
		F32EADE729A33D6C00072E88 /* FirebaseFunctions in Frameworks */ = {isa = PBXBuildFile; productRef = F32EADE629A33D6C00072E88 /* FirebaseFunctions */; };
		F32EADE929A33D6C00072E88 /* FirebaseFunctionsCombine-Community in Frameworks */ = {isa = PBXBuildFile; productRef = F32EADE829A33D6C00072E88 /* FirebaseFunctionsCombine-Community */; };
		F32EADEB29A33D6C00072E88 /* FirebaseStorage in Frameworks */ = {isa = PBXBuildFile; productRef = F32EADEA29A33D6C00072E88 /* FirebaseStorage */; };
		F32EADED29A33D6C00072E88 /* FirebaseStorageCombine-Community in Frameworks */ = {isa = PBXBuildFile; productRef = F32EADEC29A33D6C00072E88 /* FirebaseStorageCombine-Community */; };
		F348CCB929A75201009420CC /* Constant.swift in Sources */ = {isa = PBXBuildFile; fileRef = F348CCB829A75201009420CC /* Constant.swift */; };
		F348CCBA29A75201009420CC /* Constant.swift in Sources */ = {isa = PBXBuildFile; fileRef = F348CCB829A75201009420CC /* Constant.swift */; };
		F348CCBB29A75201009420CC /* Constant.swift in Sources */ = {isa = PBXBuildFile; fileRef = F348CCB829A75201009420CC /* Constant.swift */; };
		F348CCBD29A75259009420CC /* OnBoardView.swift in Sources */ = {isa = PBXBuildFile; fileRef = F348CCBC29A75259009420CC /* OnBoardView.swift */; };
		F348CCBE29A75259009420CC /* OnBoardView.swift in Sources */ = {isa = PBXBuildFile; fileRef = F348CCBC29A75259009420CC /* OnBoardView.swift */; };
		F348CCBF29A75259009420CC /* OnBoardView.swift in Sources */ = {isa = PBXBuildFile; fileRef = F348CCBC29A75259009420CC /* OnBoardView.swift */; };
		F348CCC129A754E0009420CC /* ButtonView.swift in Sources */ = {isa = PBXBuildFile; fileRef = F348CCC029A754E0009420CC /* ButtonView.swift */; };
		F348CCC229A754E0009420CC /* ButtonView.swift in Sources */ = {isa = PBXBuildFile; fileRef = F348CCC029A754E0009420CC /* ButtonView.swift */; };
		F348CCC329A754E0009420CC /* ButtonView.swift in Sources */ = {isa = PBXBuildFile; fileRef = F348CCC029A754E0009420CC /* ButtonView.swift */; };
		F348CCC529A76F4F009420CC /* InputTextFieldView.swift in Sources */ = {isa = PBXBuildFile; fileRef = F348CCC429A76F4F009420CC /* InputTextFieldView.swift */; };
		F348CCC629A76F4F009420CC /* InputTextFieldView.swift in Sources */ = {isa = PBXBuildFile; fileRef = F348CCC429A76F4F009420CC /* InputTextFieldView.swift */; };
		F348CCC729A76F4F009420CC /* InputTextFieldView.swift in Sources */ = {isa = PBXBuildFile; fileRef = F348CCC429A76F4F009420CC /* InputTextFieldView.swift */; };
		F348CCC929A772DE009420CC /* InputPasswordView.swift in Sources */ = {isa = PBXBuildFile; fileRef = F348CCC829A772DE009420CC /* InputPasswordView.swift */; };
		F348CCCA29A772DE009420CC /* InputPasswordView.swift in Sources */ = {isa = PBXBuildFile; fileRef = F348CCC829A772DE009420CC /* InputPasswordView.swift */; };
		F348CCCB29A772DE009420CC /* InputPasswordView.swift in Sources */ = {isa = PBXBuildFile; fileRef = F348CCC829A772DE009420CC /* InputPasswordView.swift */; };
		F348CCD029A77B01009420CC /* LoginService.swift in Sources */ = {isa = PBXBuildFile; fileRef = F348CCCF29A77B01009420CC /* LoginService.swift */; };
		F348CCD129A77B01009420CC /* LoginService.swift in Sources */ = {isa = PBXBuildFile; fileRef = F348CCCF29A77B01009420CC /* LoginService.swift */; };
		F348CCD229A77B01009420CC /* LoginService.swift in Sources */ = {isa = PBXBuildFile; fileRef = F348CCCF29A77B01009420CC /* LoginService.swift */; };
		F348CCD429A77B1F009420CC /* LoginViewModel.swift in Sources */ = {isa = PBXBuildFile; fileRef = F348CCD329A77B1F009420CC /* LoginViewModel.swift */; };
		F348CCD529A77B1F009420CC /* LoginViewModel.swift in Sources */ = {isa = PBXBuildFile; fileRef = F348CCD329A77B1F009420CC /* LoginViewModel.swift */; };
		F348CCD629A77B1F009420CC /* LoginViewModel.swift in Sources */ = {isa = PBXBuildFile; fileRef = F348CCD329A77B1F009420CC /* LoginViewModel.swift */; };
		F348CCD829A77B58009420CC /* LoginView.swift in Sources */ = {isa = PBXBuildFile; fileRef = F348CCD729A77B58009420CC /* LoginView.swift */; };
		F348CCD929A77B58009420CC /* LoginView.swift in Sources */ = {isa = PBXBuildFile; fileRef = F348CCD729A77B58009420CC /* LoginView.swift */; };
		F348CCDA29A77B58009420CC /* LoginView.swift in Sources */ = {isa = PBXBuildFile; fileRef = F348CCD729A77B58009420CC /* LoginView.swift */; };
/* End PBXBuildFile section */

/* Begin PBXContainerItemProxy section */
		F32EADB929A3371B00072E88 /* PBXContainerItemProxy */ = {
			isa = PBXContainerItemProxy;
			containerPortal = F32EAD9A29A3371A00072E88 /* Project object */;
			proxyType = 1;
			remoteGlobalIDString = F32EADA129A3371A00072E88;
			remoteInfo = "Speech-World-Controller-Main";
		};
		F32EADC329A3371B00072E88 /* PBXContainerItemProxy */ = {
			isa = PBXContainerItemProxy;
			containerPortal = F32EAD9A29A3371A00072E88 /* Project object */;
			proxyType = 1;
			remoteGlobalIDString = F32EADA129A3371A00072E88;
			remoteInfo = "Speech-World-Controller-Main";
		};
/* End PBXContainerItemProxy section */

/* Begin PBXFileReference section */
		F32EADA229A3371A00072E88 /* Speech-World-Controller-Main.app */ = {isa = PBXFileReference; explicitFileType = wrapper.application; includeInIndex = 0; path = "Speech-World-Controller-Main.app"; sourceTree = BUILT_PRODUCTS_DIR; };
		F32EADA529A3371A00072E88 /* Speech_World_Controller_MainApp.swift */ = {isa = PBXFileReference; lastKnownFileType = sourcecode.swift; path = Speech_World_Controller_MainApp.swift; sourceTree = "<group>"; };
		F32EADAA29A3371A00072E88 /* Speech_World_Controller_Main.xcdatamodel */ = {isa = PBXFileReference; lastKnownFileType = wrapper.xcdatamodel; path = Speech_World_Controller_Main.xcdatamodel; sourceTree = "<group>"; };
		F32EADAC29A3371A00072E88 /* ContentView.swift */ = {isa = PBXFileReference; lastKnownFileType = sourcecode.swift; path = ContentView.swift; sourceTree = "<group>"; };
		F32EADAE29A3371B00072E88 /* Assets.xcassets */ = {isa = PBXFileReference; lastKnownFileType = folder.assetcatalog; path = Assets.xcassets; sourceTree = "<group>"; };
		F32EADB029A3371B00072E88 /* Speech_World_Controller_Main.entitlements */ = {isa = PBXFileReference; lastKnownFileType = text.plist.entitlements; path = Speech_World_Controller_Main.entitlements; sourceTree = "<group>"; };
		F32EADB229A3371B00072E88 /* Preview Assets.xcassets */ = {isa = PBXFileReference; lastKnownFileType = folder.assetcatalog; path = "Preview Assets.xcassets"; sourceTree = "<group>"; };
		F32EADB829A3371B00072E88 /* Speech-World-Controller-MainTests.xctest */ = {isa = PBXFileReference; explicitFileType = wrapper.cfbundle; includeInIndex = 0; path = "Speech-World-Controller-MainTests.xctest"; sourceTree = BUILT_PRODUCTS_DIR; };
		F32EADBC29A3371B00072E88 /* Speech_World_Controller_MainTests.swift */ = {isa = PBXFileReference; lastKnownFileType = sourcecode.swift; path = Speech_World_Controller_MainTests.swift; sourceTree = "<group>"; };
		F32EADC229A3371B00072E88 /* Speech-World-Controller-MainUITests.xctest */ = {isa = PBXFileReference; explicitFileType = wrapper.cfbundle; includeInIndex = 0; path = "Speech-World-Controller-MainUITests.xctest"; sourceTree = BUILT_PRODUCTS_DIR; };
		F32EADC629A3371B00072E88 /* Speech_World_Controller_MainUITests.swift */ = {isa = PBXFileReference; lastKnownFileType = sourcecode.swift; path = Speech_World_Controller_MainUITests.swift; sourceTree = "<group>"; };
		F32EADC829A3371B00072E88 /* Speech_World_Controller_MainUITestsLaunchTests.swift */ = {isa = PBXFileReference; lastKnownFileType = sourcecode.swift; path = Speech_World_Controller_MainUITestsLaunchTests.swift; sourceTree = "<group>"; };
		F348CCB829A75201009420CC /* Constant.swift */ = {isa = PBXFileReference; lastKnownFileType = sourcecode.swift; path = Constant.swift; sourceTree = "<group>"; };
		F348CCBC29A75259009420CC /* OnBoardView.swift */ = {isa = PBXFileReference; lastKnownFileType = sourcecode.swift; path = OnBoardView.swift; sourceTree = "<group>"; };
		F348CCC029A754E0009420CC /* ButtonView.swift */ = {isa = PBXFileReference; lastKnownFileType = sourcecode.swift; path = ButtonView.swift; sourceTree = "<group>"; };
		F348CCC429A76F4F009420CC /* InputTextFieldView.swift */ = {isa = PBXFileReference; lastKnownFileType = sourcecode.swift; path = InputTextFieldView.swift; sourceTree = "<group>"; };
		F348CCC829A772DE009420CC /* InputPasswordView.swift */ = {isa = PBXFileReference; lastKnownFileType = sourcecode.swift; path = InputPasswordView.swift; sourceTree = "<group>"; };
		F348CCCF29A77B01009420CC /* LoginService.swift */ = {isa = PBXFileReference; lastKnownFileType = sourcecode.swift; path = LoginService.swift; sourceTree = "<group>"; };
		F348CCD329A77B1F009420CC /* LoginViewModel.swift */ = {isa = PBXFileReference; lastKnownFileType = sourcecode.swift; path = LoginViewModel.swift; sourceTree = "<group>"; };
		F348CCD729A77B58009420CC /* LoginView.swift */ = {isa = PBXFileReference; lastKnownFileType = sourcecode.swift; path = LoginView.swift; sourceTree = "<group>"; };
/* End PBXFileReference section */

/* Begin PBXFrameworksBuildPhase section */
		F32EAD9F29A3371A00072E88 /* Frameworks */ = {
			isa = PBXFrameworksBuildPhase;
			buildActionMask = 2147483647;
			files = (
				F32EADED29A33D6C00072E88 /* FirebaseStorageCombine-Community in Frameworks */,
				F32EADDF29A33D6C00072E88 /* FirebaseDatabaseSwift in Frameworks */,
				F32EADDD29A33D6C00072E88 /* FirebaseDatabase in Frameworks */,
				F32EADE929A33D6C00072E88 /* FirebaseFunctionsCombine-Community in Frameworks */,
				F32EADEB29A33D6C00072E88 /* FirebaseStorage in Frameworks */,
				F32EADD929A33D6C00072E88 /* FirebaseAuth in Frameworks */,
				F32EADE729A33D6C00072E88 /* FirebaseFunctions in Frameworks */,
				F32EADE529A33D6C00072E88 /* FirebaseFirestoreSwift in Frameworks */,
				F32EADE329A33D6C00072E88 /* FirebaseFirestoreCombine-Community in Frameworks */,
				F32EADE129A33D6C00072E88 /* FirebaseFirestore in Frameworks */,
				F32EADDB29A33D6C00072E88 /* FirebaseAuthCombine-Community in Frameworks */,
			);
			runOnlyForDeploymentPostprocessing = 0;
		};
		F32EADB529A3371B00072E88 /* Frameworks */ = {
			isa = PBXFrameworksBuildPhase;
			buildActionMask = 2147483647;
			files = (
			);
			runOnlyForDeploymentPostprocessing = 0;
		};
		F32EADBF29A3371B00072E88 /* Frameworks */ = {
			isa = PBXFrameworksBuildPhase;
			buildActionMask = 2147483647;
			files = (
			);
			runOnlyForDeploymentPostprocessing = 0;
		};
/* End PBXFrameworksBuildPhase section */

/* Begin PBXGroup section */
		F32EAD9929A3371A00072E88 = {
			isa = PBXGroup;
			children = (
				F32EADA429A3371A00072E88 /* Speech-World-Controller-Main */,
				F32EADBB29A3371B00072E88 /* Speech-World-Controller-MainTests */,
				F32EADC529A3371B00072E88 /* Speech-World-Controller-MainUITests */,
				F32EADA329A3371A00072E88 /* Products */,
			);
			sourceTree = "<group>";
		};
		F32EADA329A3371A00072E88 /* Products */ = {
			isa = PBXGroup;
			children = (
				F32EADA229A3371A00072E88 /* Speech-World-Controller-Main.app */,
				F32EADB829A3371B00072E88 /* Speech-World-Controller-MainTests.xctest */,
				F32EADC229A3371B00072E88 /* Speech-World-Controller-MainUITests.xctest */,
			);
			name = Products;
			sourceTree = "<group>";
		};
		F32EADA429A3371A00072E88 /* Speech-World-Controller-Main */ = {
			isa = PBXGroup;
			children = (
				F348CCCE29A77967009420CC /* Service */,
				F348CCCD29A77956009420CC /* ViewModel */,
				F348CCB529A74E34009420CC /* Mock */,
				F348CCB329A74E0B009420CC /* View */,
				F348CCB229A74C81009420CC /* Model */,
				F348CCB129A74C6E009420CC /* Constraints */,
				F348CCB029A74C3A009420CC /* App */,
				F32EADAE29A3371B00072E88 /* Assets.xcassets */,
				F32EADB029A3371B00072E88 /* Speech_World_Controller_Main.entitlements */,
				F32EADA929A3371A00072E88 /* Speech_World_Controller_Main.xcdatamodeld */,
				F32EADB129A3371B00072E88 /* Preview Content */,
			);
			path = "Speech-World-Controller-Main";
			sourceTree = "<group>";
		};
		F32EADB129A3371B00072E88 /* Preview Content */ = {
			isa = PBXGroup;
			children = (
				F32EADB229A3371B00072E88 /* Preview Assets.xcassets */,
			);
			path = "Preview Content";
			sourceTree = "<group>";
		};
		F32EADBB29A3371B00072E88 /* Speech-World-Controller-MainTests */ = {
			isa = PBXGroup;
			children = (
				F32EADBC29A3371B00072E88 /* Speech_World_Controller_MainTests.swift */,
			);
			path = "Speech-World-Controller-MainTests";
			sourceTree = "<group>";
		};
		F32EADC529A3371B00072E88 /* Speech-World-Controller-MainUITests */ = {
			isa = PBXGroup;
			children = (
				F32EADC629A3371B00072E88 /* Speech_World_Controller_MainUITests.swift */,
				F32EADC829A3371B00072E88 /* Speech_World_Controller_MainUITestsLaunchTests.swift */,
			);
			path = "Speech-World-Controller-MainUITests";
			sourceTree = "<group>";
		};
		F348CCB029A74C3A009420CC /* App */ = {
			isa = PBXGroup;
			children = (
				F32EADAC29A3371A00072E88 /* ContentView.swift */,
				F32EADA529A3371A00072E88 /* Speech_World_Controller_MainApp.swift */,
			);
			path = App;
			sourceTree = "<group>";
		};
		F348CCB129A74C6E009420CC /* Constraints */ = {
			isa = PBXGroup;
			children = (
				F348CCB829A75201009420CC /* Constant.swift */,
			);
			path = Constraints;
			sourceTree = "<group>";
		};
		F348CCB229A74C81009420CC /* Model */ = {
			isa = PBXGroup;
			children = (
			);
			path = Model;
			sourceTree = "<group>";
		};
		F348CCB329A74E0B009420CC /* View */ = {
			isa = PBXGroup;
			children = (
				F348CCCC29A773FC009420CC /* Login */,
				F348CCB729A74F13009420CC /* OnBoard */,
				F348CCB629A74EEA009420CC /* Common */,
			);
			path = View;
			sourceTree = "<group>";
		};
		F348CCB529A74E34009420CC /* Mock */ = {
			isa = PBXGroup;
			children = (
			);
			path = Mock;
			sourceTree = "<group>";
		};
		F348CCB629A74EEA009420CC /* Common */ = {
			isa = PBXGroup;
			children = (
				F348CCC029A754E0009420CC /* ButtonView.swift */,
				F348CCC429A76F4F009420CC /* InputTextFieldView.swift */,
				F348CCC829A772DE009420CC /* InputPasswordView.swift */,
			);
			path = Common;
			sourceTree = "<group>";
		};
		F348CCB729A74F13009420CC /* OnBoard */ = {
			isa = PBXGroup;
			children = (
				F348CCBC29A75259009420CC /* OnBoardView.swift */,
			);
			path = OnBoard;
			sourceTree = "<group>";
		};
		F348CCCC29A773FC009420CC /* Login */ = {
			isa = PBXGroup;
			children = (
				F348CCD729A77B58009420CC /* LoginView.swift */,
			);
			path = Login;
			sourceTree = "<group>";
		};
		F348CCCD29A77956009420CC /* ViewModel */ = {
			isa = PBXGroup;
			children = (
				F348CCD329A77B1F009420CC /* LoginViewModel.swift */,
			);
			path = ViewModel;
			sourceTree = "<group>";
		};
		F348CCCE29A77967009420CC /* Service */ = {
			isa = PBXGroup;
			children = (
				F348CCCF29A77B01009420CC /* LoginService.swift */,
			);
			path = Service;
			sourceTree = "<group>";
		};
/* End PBXGroup section */

/* Begin PBXNativeTarget section */
		F32EADA129A3371A00072E88 /* Speech-World-Controller-Main */ = {
			isa = PBXNativeTarget;
			buildConfigurationList = F32EADCC29A3371B00072E88 /* Build configuration list for PBXNativeTarget "Speech-World-Controller-Main" */;
			buildPhases = (
				F32EAD9E29A3371A00072E88 /* Sources */,
				F32EAD9F29A3371A00072E88 /* Frameworks */,
				F32EADA029A3371A00072E88 /* Resources */,
			);
			buildRules = (
			);
			dependencies = (
			);
			name = "Speech-World-Controller-Main";
			packageProductDependencies = (
				F32EADD829A33D6C00072E88 /* FirebaseAuth */,
				F32EADDA29A33D6C00072E88 /* FirebaseAuthCombine-Community */,
				F32EADDC29A33D6C00072E88 /* FirebaseDatabase */,
				F32EADDE29A33D6C00072E88 /* FirebaseDatabaseSwift */,
				F32EADE029A33D6C00072E88 /* FirebaseFirestore */,
				F32EADE229A33D6C00072E88 /* FirebaseFirestoreCombine-Community */,
				F32EADE429A33D6C00072E88 /* FirebaseFirestoreSwift */,
				F32EADE629A33D6C00072E88 /* FirebaseFunctions */,
				F32EADE829A33D6C00072E88 /* FirebaseFunctionsCombine-Community */,
				F32EADEA29A33D6C00072E88 /* FirebaseStorage */,
				F32EADEC29A33D6C00072E88 /* FirebaseStorageCombine-Community */,
			);
			productName = "Speech-World-Controller-Main";
			productReference = F32EADA229A3371A00072E88 /* Speech-World-Controller-Main.app */;
			productType = "com.apple.product-type.application";
		};
		F32EADB729A3371B00072E88 /* Speech-World-Controller-MainTests */ = {
			isa = PBXNativeTarget;
			buildConfigurationList = F32EADCF29A3371B00072E88 /* Build configuration list for PBXNativeTarget "Speech-World-Controller-MainTests" */;
			buildPhases = (
				F32EADB429A3371B00072E88 /* Sources */,
				F32EADB529A3371B00072E88 /* Frameworks */,
				F32EADB629A3371B00072E88 /* Resources */,
			);
			buildRules = (
			);
			dependencies = (
				F32EADBA29A3371B00072E88 /* PBXTargetDependency */,
			);
			name = "Speech-World-Controller-MainTests";
			productName = "Speech-World-Controller-MainTests";
			productReference = F32EADB829A3371B00072E88 /* Speech-World-Controller-MainTests.xctest */;
			productType = "com.apple.product-type.bundle.unit-test";
		};
		F32EADC129A3371B00072E88 /* Speech-World-Controller-MainUITests */ = {
			isa = PBXNativeTarget;
			buildConfigurationList = F32EADD229A3371B00072E88 /* Build configuration list for PBXNativeTarget "Speech-World-Controller-MainUITests" */;
			buildPhases = (
				F32EADBE29A3371B00072E88 /* Sources */,
				F32EADBF29A3371B00072E88 /* Frameworks */,
				F32EADC029A3371B00072E88 /* Resources */,
			);
			buildRules = (
			);
			dependencies = (
				F32EADC429A3371B00072E88 /* PBXTargetDependency */,
			);
			name = "Speech-World-Controller-MainUITests";
			productName = "Speech-World-Controller-MainUITests";
			productReference = F32EADC229A3371B00072E88 /* Speech-World-Controller-MainUITests.xctest */;
			productType = "com.apple.product-type.bundle.ui-testing";
		};
/* End PBXNativeTarget section */

/* Begin PBXProject section */
		F32EAD9A29A3371A00072E88 /* Project object */ = {
			isa = PBXProject;
			attributes = {
				BuildIndependentTargetsInParallel = 1;
				LastSwiftUpdateCheck = 1420;
				LastUpgradeCheck = 1420;
				TargetAttributes = {
					F32EADA129A3371A00072E88 = {
						CreatedOnToolsVersion = 14.2;
					};
					F32EADB729A3371B00072E88 = {
						CreatedOnToolsVersion = 14.2;
						TestTargetID = F32EADA129A3371A00072E88;
					};
					F32EADC129A3371B00072E88 = {
						CreatedOnToolsVersion = 14.2;
						TestTargetID = F32EADA129A3371A00072E88;
					};
				};
			};
			buildConfigurationList = F32EAD9D29A3371A00072E88 /* Build configuration list for PBXProject "Speech-World-Controller-Main" */;
			compatibilityVersion = "Xcode 14.0";
			developmentRegion = en;
			hasScannedForEncodings = 0;
			knownRegions = (
				en,
				Base,
			);
			mainGroup = F32EAD9929A3371A00072E88;
			packageReferences = (
				F32EADD729A33D6C00072E88 /* XCRemoteSwiftPackageReference "firebase-ios-sdk" */,
			);
			productRefGroup = F32EADA329A3371A00072E88 /* Products */;
			projectDirPath = "";
			projectRoot = "";
			targets = (
				F32EADA129A3371A00072E88 /* Speech-World-Controller-Main */,
				F32EADB729A3371B00072E88 /* Speech-World-Controller-MainTests */,
				F32EADC129A3371B00072E88 /* Speech-World-Controller-MainUITests */,
			);
		};
/* End PBXProject section */

/* Begin PBXResourcesBuildPhase section */
		F32EADA029A3371A00072E88 /* Resources */ = {
			isa = PBXResourcesBuildPhase;
			buildActionMask = 2147483647;
			files = (
				F32EADB329A3371B00072E88 /* Preview Assets.xcassets in Resources */,
				F32EADAF29A3371B00072E88 /* Assets.xcassets in Resources */,
			);
			runOnlyForDeploymentPostprocessing = 0;
		};
		F32EADB629A3371B00072E88 /* Resources */ = {
			isa = PBXResourcesBuildPhase;
			buildActionMask = 2147483647;
			files = (
			);
			runOnlyForDeploymentPostprocessing = 0;
		};
		F32EADC029A3371B00072E88 /* Resources */ = {
			isa = PBXResourcesBuildPhase;
			buildActionMask = 2147483647;
			files = (
			);
			runOnlyForDeploymentPostprocessing = 0;
		};
/* End PBXResourcesBuildPhase section */

/* Begin PBXSourcesBuildPhase section */
		F32EAD9E29A3371A00072E88 /* Sources */ = {
			isa = PBXSourcesBuildPhase;
			buildActionMask = 2147483647;
			files = (
				F348CCC929A772DE009420CC /* InputPasswordView.swift in Sources */,
				F32EADAB29A3371A00072E88 /* Speech_World_Controller_Main.xcdatamodeld in Sources */,
				F348CCBD29A75259009420CC /* OnBoardView.swift in Sources */,
				F348CCC129A754E0009420CC /* ButtonView.swift in Sources */,
				F348CCD029A77B01009420CC /* LoginService.swift in Sources */,
				F32EADA629A3371A00072E88 /* Speech_World_Controller_MainApp.swift in Sources */,
				F32EADAD29A3371A00072E88 /* ContentView.swift in Sources */,
				F348CCC529A76F4F009420CC /* InputTextFieldView.swift in Sources */,
				F348CCD829A77B58009420CC /* LoginView.swift in Sources */,
				F348CCD429A77B1F009420CC /* LoginViewModel.swift in Sources */,
				F348CCB929A75201009420CC /* Constant.swift in Sources */,
			);
			runOnlyForDeploymentPostprocessing = 0;
		};
		F32EADB429A3371B00072E88 /* Sources */ = {
			isa = PBXSourcesBuildPhase;
			buildActionMask = 2147483647;
			files = (
				F32EADBD29A3371B00072E88 /* Speech_World_Controller_MainTests.swift in Sources */,
				F348CCBA29A75201009420CC /* Constant.swift in Sources */,
				F348CCCA29A772DE009420CC /* InputPasswordView.swift in Sources */,
				F348CCD929A77B58009420CC /* LoginView.swift in Sources */,
				F348CCC629A76F4F009420CC /* InputTextFieldView.swift in Sources */,
				F348CCD529A77B1F009420CC /* LoginViewModel.swift in Sources */,
				F348CCC229A754E0009420CC /* ButtonView.swift in Sources */,
				F348CCBE29A75259009420CC /* OnBoardView.swift in Sources */,
				F348CCD129A77B01009420CC /* LoginService.swift in Sources */,
			);
			runOnlyForDeploymentPostprocessing = 0;
		};
		F32EADBE29A3371B00072E88 /* Sources */ = {
			isa = PBXSourcesBuildPhase;
			buildActionMask = 2147483647;
			files = (
				F348CCBF29A75259009420CC /* OnBoardView.swift in Sources */,
				F32EADC929A3371B00072E88 /* Speech_World_Controller_MainUITestsLaunchTests.swift in Sources */,
				F348CCC329A754E0009420CC /* ButtonView.swift in Sources */,
				F32EADC729A3371B00072E88 /* Speech_World_Controller_MainUITests.swift in Sources */,
				F348CCBB29A75201009420CC /* Constant.swift in Sources */,
				F348CCCB29A772DE009420CC /* InputPasswordView.swift in Sources */,
				F348CCC729A76F4F009420CC /* InputTextFieldView.swift in Sources */,
				F348CCD229A77B01009420CC /* LoginService.swift in Sources */,
				F348CCDA29A77B58009420CC /* LoginView.swift in Sources */,
				F348CCD629A77B1F009420CC /* LoginViewModel.swift in Sources */,
			);
			runOnlyForDeploymentPostprocessing = 0;
		};
/* End PBXSourcesBuildPhase section */

/* Begin PBXTargetDependency section */
		F32EADBA29A3371B00072E88 /* PBXTargetDependency */ = {
			isa = PBXTargetDependency;
			target = F32EADA129A3371A00072E88 /* Speech-World-Controller-Main */;
			targetProxy = F32EADB929A3371B00072E88 /* PBXContainerItemProxy */;
		};
		F32EADC429A3371B00072E88 /* PBXTargetDependency */ = {
			isa = PBXTargetDependency;
			target = F32EADA129A3371A00072E88 /* Speech-World-Controller-Main */;
			targetProxy = F32EADC329A3371B00072E88 /* PBXContainerItemProxy */;
		};
/* End PBXTargetDependency section */

/* Begin XCBuildConfiguration section */
		F32EADCA29A3371B00072E88 /* Debug */ = {
			isa = XCBuildConfiguration;
			buildSettings = {
				ALWAYS_SEARCH_USER_PATHS = NO;
				CLANG_ANALYZER_NONNULL = YES;
				CLANG_ANALYZER_NUMBER_OBJECT_CONVERSION = YES_AGGRESSIVE;
				CLANG_CXX_LANGUAGE_STANDARD = "gnu++20";
				CLANG_ENABLE_MODULES = YES;
				CLANG_ENABLE_OBJC_ARC = YES;
				CLANG_ENABLE_OBJC_WEAK = YES;
				CLANG_WARN_BLOCK_CAPTURE_AUTORELEASING = YES;
				CLANG_WARN_BOOL_CONVERSION = YES;
				CLANG_WARN_COMMA = YES;
				CLANG_WARN_CONSTANT_CONVERSION = YES;
				CLANG_WARN_DEPRECATED_OBJC_IMPLEMENTATIONS = YES;
				CLANG_WARN_DIRECT_OBJC_ISA_USAGE = YES_ERROR;
				CLANG_WARN_DOCUMENTATION_COMMENTS = YES;
				CLANG_WARN_EMPTY_BODY = YES;
				CLANG_WARN_ENUM_CONVERSION = YES;
				CLANG_WARN_INFINITE_RECURSION = YES;
				CLANG_WARN_INT_CONVERSION = YES;
				CLANG_WARN_NON_LITERAL_NULL_CONVERSION = YES;
				CLANG_WARN_OBJC_IMPLICIT_RETAIN_SELF = YES;
				CLANG_WARN_OBJC_LITERAL_CONVERSION = YES;
				CLANG_WARN_OBJC_ROOT_CLASS = YES_ERROR;
				CLANG_WARN_QUOTED_INCLUDE_IN_FRAMEWORK_HEADER = YES;
				CLANG_WARN_RANGE_LOOP_ANALYSIS = YES;
				CLANG_WARN_STRICT_PROTOTYPES = YES;
				CLANG_WARN_SUSPICIOUS_MOVE = YES;
				CLANG_WARN_UNGUARDED_AVAILABILITY = YES_AGGRESSIVE;
				CLANG_WARN_UNREACHABLE_CODE = YES;
				CLANG_WARN__DUPLICATE_METHOD_MATCH = YES;
				COPY_PHASE_STRIP = NO;
				DEBUG_INFORMATION_FORMAT = dwarf;
				ENABLE_STRICT_OBJC_MSGSEND = YES;
				ENABLE_TESTABILITY = YES;
				GCC_C_LANGUAGE_STANDARD = gnu11;
				GCC_DYNAMIC_NO_PIC = NO;
				GCC_NO_COMMON_BLOCKS = YES;
				GCC_OPTIMIZATION_LEVEL = 0;
				GCC_PREPROCESSOR_DEFINITIONS = (
					"DEBUG=1",
					"$(inherited)",
				);
				GCC_WARN_64_TO_32_BIT_CONVERSION = YES;
				GCC_WARN_ABOUT_RETURN_TYPE = YES_ERROR;
				GCC_WARN_UNDECLARED_SELECTOR = YES;
				GCC_WARN_UNINITIALIZED_AUTOS = YES_AGGRESSIVE;
				GCC_WARN_UNUSED_FUNCTION = YES;
				GCC_WARN_UNUSED_VARIABLE = YES;
				MTL_ENABLE_DEBUG_INFO = INCLUDE_SOURCE;
				MTL_FAST_MATH = YES;
				ONLY_ACTIVE_ARCH = YES;
				SWIFT_ACTIVE_COMPILATION_CONDITIONS = DEBUG;
				SWIFT_OPTIMIZATION_LEVEL = "-Onone";
			};
			name = Debug;
		};
		F32EADCB29A3371B00072E88 /* Release */ = {
			isa = XCBuildConfiguration;
			buildSettings = {
				ALWAYS_SEARCH_USER_PATHS = NO;
				CLANG_ANALYZER_NONNULL = YES;
				CLANG_ANALYZER_NUMBER_OBJECT_CONVERSION = YES_AGGRESSIVE;
				CLANG_CXX_LANGUAGE_STANDARD = "gnu++20";
				CLANG_ENABLE_MODULES = YES;
				CLANG_ENABLE_OBJC_ARC = YES;
				CLANG_ENABLE_OBJC_WEAK = YES;
				CLANG_WARN_BLOCK_CAPTURE_AUTORELEASING = YES;
				CLANG_WARN_BOOL_CONVERSION = YES;
				CLANG_WARN_COMMA = YES;
				CLANG_WARN_CONSTANT_CONVERSION = YES;
				CLANG_WARN_DEPRECATED_OBJC_IMPLEMENTATIONS = YES;
				CLANG_WARN_DIRECT_OBJC_ISA_USAGE = YES_ERROR;
				CLANG_WARN_DOCUMENTATION_COMMENTS = YES;
				CLANG_WARN_EMPTY_BODY = YES;
				CLANG_WARN_ENUM_CONVERSION = YES;
				CLANG_WARN_INFINITE_RECURSION = YES;
				CLANG_WARN_INT_CONVERSION = YES;
				CLANG_WARN_NON_LITERAL_NULL_CONVERSION = YES;
				CLANG_WARN_OBJC_IMPLICIT_RETAIN_SELF = YES;
				CLANG_WARN_OBJC_LITERAL_CONVERSION = YES;
				CLANG_WARN_OBJC_ROOT_CLASS = YES_ERROR;
				CLANG_WARN_QUOTED_INCLUDE_IN_FRAMEWORK_HEADER = YES;
				CLANG_WARN_RANGE_LOOP_ANALYSIS = YES;
				CLANG_WARN_STRICT_PROTOTYPES = YES;
				CLANG_WARN_SUSPICIOUS_MOVE = YES;
				CLANG_WARN_UNGUARDED_AVAILABILITY = YES_AGGRESSIVE;
				CLANG_WARN_UNREACHABLE_CODE = YES;
				CLANG_WARN__DUPLICATE_METHOD_MATCH = YES;
				COPY_PHASE_STRIP = NO;
				DEBUG_INFORMATION_FORMAT = "dwarf-with-dsym";
				ENABLE_NS_ASSERTIONS = NO;
				ENABLE_STRICT_OBJC_MSGSEND = YES;
				GCC_C_LANGUAGE_STANDARD = gnu11;
				GCC_NO_COMMON_BLOCKS = YES;
				GCC_WARN_64_TO_32_BIT_CONVERSION = YES;
				GCC_WARN_ABOUT_RETURN_TYPE = YES_ERROR;
				GCC_WARN_UNDECLARED_SELECTOR = YES;
				GCC_WARN_UNINITIALIZED_AUTOS = YES_AGGRESSIVE;
				GCC_WARN_UNUSED_FUNCTION = YES;
				GCC_WARN_UNUSED_VARIABLE = YES;
				MTL_ENABLE_DEBUG_INFO = NO;
				MTL_FAST_MATH = YES;
				SWIFT_COMPILATION_MODE = wholemodule;
				SWIFT_OPTIMIZATION_LEVEL = "-O";
			};
			name = Release;
		};
		F32EADCD29A3371B00072E88 /* Debug */ = {
			isa = XCBuildConfiguration;
			buildSettings = {
				ASSETCATALOG_COMPILER_APPICON_NAME = AppIcon;
				ASSETCATALOG_COMPILER_GLOBAL_ACCENT_COLOR_NAME = AccentColor;
				CODE_SIGN_ENTITLEMENTS = "Speech-World-Controller-Main/Speech_World_Controller_Main.entitlements";
				CODE_SIGN_STYLE = Automatic;
				CURRENT_PROJECT_VERSION = 1;
				DEVELOPMENT_ASSET_PATHS = "\"Speech-World-Controller-Main/Preview Content\"";
				DEVELOPMENT_TEAM = Z2TMRX3MRV;
				ENABLE_HARDENED_RUNTIME = YES;
				ENABLE_PREVIEWS = YES;
				GENERATE_INFOPLIST_FILE = YES;
				"INFOPLIST_KEY_UIApplicationSceneManifest_Generation[sdk=iphoneos*]" = YES;
				"INFOPLIST_KEY_UIApplicationSceneManifest_Generation[sdk=iphonesimulator*]" = YES;
				"INFOPLIST_KEY_UIApplicationSupportsIndirectInputEvents[sdk=iphoneos*]" = YES;
				"INFOPLIST_KEY_UIApplicationSupportsIndirectInputEvents[sdk=iphonesimulator*]" = YES;
				"INFOPLIST_KEY_UILaunchScreen_Generation[sdk=iphoneos*]" = YES;
				"INFOPLIST_KEY_UILaunchScreen_Generation[sdk=iphonesimulator*]" = YES;
				"INFOPLIST_KEY_UIStatusBarStyle[sdk=iphoneos*]" = UIStatusBarStyleDefault;
				"INFOPLIST_KEY_UIStatusBarStyle[sdk=iphonesimulator*]" = UIStatusBarStyleDefault;
				INFOPLIST_KEY_UISupportedInterfaceOrientations_iPad = "UIInterfaceOrientationPortrait UIInterfaceOrientationPortraitUpsideDown UIInterfaceOrientationLandscapeLeft UIInterfaceOrientationLandscapeRight";
				INFOPLIST_KEY_UISupportedInterfaceOrientations_iPhone = "UIInterfaceOrientationPortrait UIInterfaceOrientationLandscapeLeft UIInterfaceOrientationLandscapeRight";
				IPHONEOS_DEPLOYMENT_TARGET = 16.2;
				LD_RUNPATH_SEARCH_PATHS = "@executable_path/Frameworks";
				"LD_RUNPATH_SEARCH_PATHS[sdk=macosx*]" = "@executable_path/../Frameworks";
				MACOSX_DEPLOYMENT_TARGET = 13.1;
				MARKETING_VERSION = 1.0;
				PRODUCT_BUNDLE_IDENTIFIER = "NalindaGamaarachchi.Speech-World-Controller-Main";
				PRODUCT_NAME = "$(TARGET_NAME)";
				SDKROOT = auto;
				SUPPORTED_PLATFORMS = "iphoneos iphonesimulator macosx";
				SWIFT_EMIT_LOC_STRINGS = YES;
				SWIFT_VERSION = 5.0;
				TARGETED_DEVICE_FAMILY = "1,2";
			};
			name = Debug;
		};
		F32EADCE29A3371B00072E88 /* Release */ = {
			isa = XCBuildConfiguration;
			buildSettings = {
				ASSETCATALOG_COMPILER_APPICON_NAME = AppIcon;
				ASSETCATALOG_COMPILER_GLOBAL_ACCENT_COLOR_NAME = AccentColor;
				CODE_SIGN_ENTITLEMENTS = "Speech-World-Controller-Main/Speech_World_Controller_Main.entitlements";
				CODE_SIGN_STYLE = Automatic;
				CURRENT_PROJECT_VERSION = 1;
				DEVELOPMENT_ASSET_PATHS = "\"Speech-World-Controller-Main/Preview Content\"";
				DEVELOPMENT_TEAM = Z2TMRX3MRV;
				ENABLE_HARDENED_RUNTIME = YES;
				ENABLE_PREVIEWS = YES;
				GENERATE_INFOPLIST_FILE = YES;
				"INFOPLIST_KEY_UIApplicationSceneManifest_Generation[sdk=iphoneos*]" = YES;
				"INFOPLIST_KEY_UIApplicationSceneManifest_Generation[sdk=iphonesimulator*]" = YES;
				"INFOPLIST_KEY_UIApplicationSupportsIndirectInputEvents[sdk=iphoneos*]" = YES;
				"INFOPLIST_KEY_UIApplicationSupportsIndirectInputEvents[sdk=iphonesimulator*]" = YES;
				"INFOPLIST_KEY_UILaunchScreen_Generation[sdk=iphoneos*]" = YES;
				"INFOPLIST_KEY_UILaunchScreen_Generation[sdk=iphonesimulator*]" = YES;
				"INFOPLIST_KEY_UIStatusBarStyle[sdk=iphoneos*]" = UIStatusBarStyleDefault;
				"INFOPLIST_KEY_UIStatusBarStyle[sdk=iphonesimulator*]" = UIStatusBarStyleDefault;
				INFOPLIST_KEY_UISupportedInterfaceOrientations_iPad = "UIInterfaceOrientationPortrait UIInterfaceOrientationPortraitUpsideDown UIInterfaceOrientationLandscapeLeft UIInterfaceOrientationLandscapeRight";
				INFOPLIST_KEY_UISupportedInterfaceOrientations_iPhone = "UIInterfaceOrientationPortrait UIInterfaceOrientationLandscapeLeft UIInterfaceOrientationLandscapeRight";
				IPHONEOS_DEPLOYMENT_TARGET = 16.2;
				LD_RUNPATH_SEARCH_PATHS = "@executable_path/Frameworks";
				"LD_RUNPATH_SEARCH_PATHS[sdk=macosx*]" = "@executable_path/../Frameworks";
				MACOSX_DEPLOYMENT_TARGET = 13.1;
				MARKETING_VERSION = 1.0;
				PRODUCT_BUNDLE_IDENTIFIER = "NalindaGamaarachchi.Speech-World-Controller-Main";
				PRODUCT_NAME = "$(TARGET_NAME)";
				SDKROOT = auto;
				SUPPORTED_PLATFORMS = "iphoneos iphonesimulator macosx";
				SWIFT_EMIT_LOC_STRINGS = YES;
				SWIFT_VERSION = 5.0;
				TARGETED_DEVICE_FAMILY = "1,2";
			};
			name = Release;
		};
		F32EADD029A3371B00072E88 /* Debug */ = {
			isa = XCBuildConfiguration;
			buildSettings = {
				ALWAYS_EMBED_SWIFT_STANDARD_LIBRARIES = YES;
				BUNDLE_LOADER = "$(TEST_HOST)";
				CODE_SIGN_STYLE = Automatic;
				CURRENT_PROJECT_VERSION = 1;
				DEVELOPMENT_TEAM = Z2TMRX3MRV;
				GENERATE_INFOPLIST_FILE = YES;
				IPHONEOS_DEPLOYMENT_TARGET = 16.2;
				MACOSX_DEPLOYMENT_TARGET = 13.1;
				MARKETING_VERSION = 1.0;
				PRODUCT_BUNDLE_IDENTIFIER = "NalindaGamaarachchi.Speech-World-Controller-MainTests";
				PRODUCT_NAME = "$(TARGET_NAME)";
				SDKROOT = auto;
				SUPPORTED_PLATFORMS = "iphoneos iphonesimulator macosx";
				SWIFT_EMIT_LOC_STRINGS = NO;
				SWIFT_VERSION = 5.0;
				TARGETED_DEVICE_FAMILY = "1,2";
				TEST_HOST = "$(BUILT_PRODUCTS_DIR)/Speech-World-Controller-Main.app/$(BUNDLE_EXECUTABLE_FOLDER_PATH)/Speech-World-Controller-Main";
			};
			name = Debug;
		};
		F32EADD129A3371B00072E88 /* Release */ = {
			isa = XCBuildConfiguration;
			buildSettings = {
				ALWAYS_EMBED_SWIFT_STANDARD_LIBRARIES = YES;
				BUNDLE_LOADER = "$(TEST_HOST)";
				CODE_SIGN_STYLE = Automatic;
				CURRENT_PROJECT_VERSION = 1;
				DEVELOPMENT_TEAM = Z2TMRX3MRV;
				GENERATE_INFOPLIST_FILE = YES;
				IPHONEOS_DEPLOYMENT_TARGET = 16.2;
				MACOSX_DEPLOYMENT_TARGET = 13.1;
				MARKETING_VERSION = 1.0;
				PRODUCT_BUNDLE_IDENTIFIER = "NalindaGamaarachchi.Speech-World-Controller-MainTests";
				PRODUCT_NAME = "$(TARGET_NAME)";
				SDKROOT = auto;
				SUPPORTED_PLATFORMS = "iphoneos iphonesimulator macosx";
				SWIFT_EMIT_LOC_STRINGS = NO;
				SWIFT_VERSION = 5.0;
				TARGETED_DEVICE_FAMILY = "1,2";
				TEST_HOST = "$(BUILT_PRODUCTS_DIR)/Speech-World-Controller-Main.app/$(BUNDLE_EXECUTABLE_FOLDER_PATH)/Speech-World-Controller-Main";
			};
			name = Release;
		};
		F32EADD329A3371B00072E88 /* Debug */ = {
			isa = XCBuildConfiguration;
			buildSettings = {
				ALWAYS_EMBED_SWIFT_STANDARD_LIBRARIES = YES;
				CODE_SIGN_STYLE = Automatic;
				CURRENT_PROJECT_VERSION = 1;
				DEVELOPMENT_TEAM = Z2TMRX3MRV;
				GENERATE_INFOPLIST_FILE = YES;
				IPHONEOS_DEPLOYMENT_TARGET = 16.2;
				MACOSX_DEPLOYMENT_TARGET = 13.1;
				MARKETING_VERSION = 1.0;
				PRODUCT_BUNDLE_IDENTIFIER = "NalindaGamaarachchi.Speech-World-Controller-MainUITests";
				PRODUCT_NAME = "$(TARGET_NAME)";
				SDKROOT = auto;
				SUPPORTED_PLATFORMS = "iphoneos iphonesimulator macosx";
				SWIFT_EMIT_LOC_STRINGS = NO;
				SWIFT_VERSION = 5.0;
				TARGETED_DEVICE_FAMILY = "1,2";
				TEST_TARGET_NAME = "Speech-World-Controller-Main";
			};
			name = Debug;
		};
		F32EADD429A3371B00072E88 /* Release */ = {
			isa = XCBuildConfiguration;
			buildSettings = {
				ALWAYS_EMBED_SWIFT_STANDARD_LIBRARIES = YES;
				CODE_SIGN_STYLE = Automatic;
				CURRENT_PROJECT_VERSION = 1;
				DEVELOPMENT_TEAM = Z2TMRX3MRV;
				GENERATE_INFOPLIST_FILE = YES;
				IPHONEOS_DEPLOYMENT_TARGET = 16.2;
				MACOSX_DEPLOYMENT_TARGET = 13.1;
				MARKETING_VERSION = 1.0;
				PRODUCT_BUNDLE_IDENTIFIER = "NalindaGamaarachchi.Speech-World-Controller-MainUITests";
				PRODUCT_NAME = "$(TARGET_NAME)";
				SDKROOT = auto;
				SUPPORTED_PLATFORMS = "iphoneos iphonesimulator macosx";
				SWIFT_EMIT_LOC_STRINGS = NO;
				SWIFT_VERSION = 5.0;
				TARGETED_DEVICE_FAMILY = "1,2";
				TEST_TARGET_NAME = "Speech-World-Controller-Main";
			};
			name = Release;
		};
/* End XCBuildConfiguration section */

/* Begin XCConfigurationList section */
		F32EAD9D29A3371A00072E88 /* Build configuration list for PBXProject "Speech-World-Controller-Main" */ = {
			isa = XCConfigurationList;
			buildConfigurations = (
				F32EADCA29A3371B00072E88 /* Debug */,
				F32EADCB29A3371B00072E88 /* Release */,
			);
			defaultConfigurationIsVisible = 0;
			defaultConfigurationName = Release;
		};
		F32EADCC29A3371B00072E88 /* Build configuration list for PBXNativeTarget "Speech-World-Controller-Main" */ = {
			isa = XCConfigurationList;
			buildConfigurations = (
				F32EADCD29A3371B00072E88 /* Debug */,
				F32EADCE29A3371B00072E88 /* Release */,
			);
			defaultConfigurationIsVisible = 0;
			defaultConfigurationName = Release;
		};
		F32EADCF29A3371B00072E88 /* Build configuration list for PBXNativeTarget "Speech-World-Controller-MainTests" */ = {
			isa = XCConfigurationList;
			buildConfigurations = (
				F32EADD029A3371B00072E88 /* Debug */,
				F32EADD129A3371B00072E88 /* Release */,
			);
			defaultConfigurationIsVisible = 0;
			defaultConfigurationName = Release;
		};
		F32EADD229A3371B00072E88 /* Build configuration list for PBXNativeTarget "Speech-World-Controller-MainUITests" */ = {
			isa = XCConfigurationList;
			buildConfigurations = (
				F32EADD329A3371B00072E88 /* Debug */,
				F32EADD429A3371B00072E88 /* Release */,
			);
			defaultConfigurationIsVisible = 0;
			defaultConfigurationName = Release;
		};
/* End XCConfigurationList section */

/* Begin XCRemoteSwiftPackageReference section */
		F32EADD729A33D6C00072E88 /* XCRemoteSwiftPackageReference "firebase-ios-sdk" */ = {
			isa = XCRemoteSwiftPackageReference;
			repositoryURL = "https://github.com/firebase/firebase-ios-sdk";
			requirement = {
				branch = master;
				kind = branch;
			};
		};
/* End XCRemoteSwiftPackageReference section */

/* Begin XCSwiftPackageProductDependency section */
		F32EADD829A33D6C00072E88 /* FirebaseAuth */ = {
			isa = XCSwiftPackageProductDependency;
			package = F32EADD729A33D6C00072E88 /* XCRemoteSwiftPackageReference "firebase-ios-sdk" */;
			productName = FirebaseAuth;
		};
		F32EADDA29A33D6C00072E88 /* FirebaseAuthCombine-Community */ = {
			isa = XCSwiftPackageProductDependency;
			package = F32EADD729A33D6C00072E88 /* XCRemoteSwiftPackageReference "firebase-ios-sdk" */;
			productName = "FirebaseAuthCombine-Community";
		};
		F32EADDC29A33D6C00072E88 /* FirebaseDatabase */ = {
			isa = XCSwiftPackageProductDependency;
			package = F32EADD729A33D6C00072E88 /* XCRemoteSwiftPackageReference "firebase-ios-sdk" */;
			productName = FirebaseDatabase;
		};
		F32EADDE29A33D6C00072E88 /* FirebaseDatabaseSwift */ = {
			isa = XCSwiftPackageProductDependency;
			package = F32EADD729A33D6C00072E88 /* XCRemoteSwiftPackageReference "firebase-ios-sdk" */;
			productName = FirebaseDatabaseSwift;
		};
		F32EADE029A33D6C00072E88 /* FirebaseFirestore */ = {
			isa = XCSwiftPackageProductDependency;
			package = F32EADD729A33D6C00072E88 /* XCRemoteSwiftPackageReference "firebase-ios-sdk" */;
			productName = FirebaseFirestore;
		};
		F32EADE229A33D6C00072E88 /* FirebaseFirestoreCombine-Community */ = {
			isa = XCSwiftPackageProductDependency;
			package = F32EADD729A33D6C00072E88 /* XCRemoteSwiftPackageReference "firebase-ios-sdk" */;
			productName = "FirebaseFirestoreCombine-Community";
		};
		F32EADE429A33D6C00072E88 /* FirebaseFirestoreSwift */ = {
			isa = XCSwiftPackageProductDependency;
			package = F32EADD729A33D6C00072E88 /* XCRemoteSwiftPackageReference "firebase-ios-sdk" */;
			productName = FirebaseFirestoreSwift;
		};
		F32EADE629A33D6C00072E88 /* FirebaseFunctions */ = {
			isa = XCSwiftPackageProductDependency;
			package = F32EADD729A33D6C00072E88 /* XCRemoteSwiftPackageReference "firebase-ios-sdk" */;
			productName = FirebaseFunctions;
		};
		F32EADE829A33D6C00072E88 /* FirebaseFunctionsCombine-Community */ = {
			isa = XCSwiftPackageProductDependency;
			package = F32EADD729A33D6C00072E88 /* XCRemoteSwiftPackageReference "firebase-ios-sdk" */;
			productName = "FirebaseFunctionsCombine-Community";
		};
		F32EADEA29A33D6C00072E88 /* FirebaseStorage */ = {
			isa = XCSwiftPackageProductDependency;
			package = F32EADD729A33D6C00072E88 /* XCRemoteSwiftPackageReference "firebase-ios-sdk" */;
			productName = FirebaseStorage;
		};
		F32EADEC29A33D6C00072E88 /* FirebaseStorageCombine-Community */ = {
			isa = XCSwiftPackageProductDependency;
			package = F32EADD729A33D6C00072E88 /* XCRemoteSwiftPackageReference "firebase-ios-sdk" */;
			productName = "FirebaseStorageCombine-Community";
		};
/* End XCSwiftPackageProductDependency section */

/* Begin XCVersionGroup section */
		F32EADA929A3371A00072E88 /* Speech_World_Controller_Main.xcdatamodeld */ = {
			isa = XCVersionGroup;
			children = (
				F32EADAA29A3371A00072E88 /* Speech_World_Controller_Main.xcdatamodel */,
			);
			currentVersion = F32EADAA29A3371A00072E88 /* Speech_World_Controller_Main.xcdatamodel */;
			path = Speech_World_Controller_Main.xcdatamodeld;
			sourceTree = "<group>";
			versionGroupType = wrapper.xcdatamodel;
		};
/* End XCVersionGroup section */
	};
	rootObject = F32EAD9A29A3371A00072E88 /* Project object */;
}
